
Microsoft Visual Studio Solution File, Format Version 12.00
# Visual Studio 15
VisualStudioVersion = 15.0.26730.10
MinimumVisualStudioVersion = 10.0.40219.1
Project("{FAE04EC0-301F-11D3-BF4B-00C04F79EFBC}") = "RealEstateMobile.Android", "RealEstateMobile\RealEstateMobile.Android\RealEstateMobile.Android.csproj", "{6F800586-1E06-40AB-9FCA-CB29FE05F202}"
EndProject
Project("{FAE04EC0-301F-11D3-BF4B-00C04F79EFBC}") = "RealEstateMobile", "RealEstateMobile\RealEstateMobile\RealEstateMobile.csproj", "{C57089DA-B1D4-452C-B23C-E450C94D7F47}"
EndProject
Project("{FAE04EC0-301F-11D3-BF4B-00C04F79EFBC}") = "RealEstateMobile.UWP", "RealEstateMobile\RealEstateMobile.UWP\RealEstateMobile.UWP.csproj", "{4A518151-0187-443A-A7FF-BF99389CB3EF}"
EndProject
Project("{FAE04EC0-301F-11D3-BF4B-00C04F79EFBC}") = "RealEstateMobile.iOS", "RealEstateMobile\RealEstateMobile.iOS\RealEstateMobile.iOS.csproj", "{F63443F3-107A-4CB0-BB62-7D7A3640D1AF}"
EndProject
Global
	GlobalSection(SolutionConfigurationPlatforms) = preSolution
		Ad-Hoc|Any CPU = Ad-Hoc|Any CPU
		Ad-Hoc|ARM = Ad-Hoc|ARM
		Ad-Hoc|iPhone = Ad-Hoc|iPhone
		Ad-Hoc|iPhoneSimulator = Ad-Hoc|iPhoneSimulator
		Ad-Hoc|x64 = Ad-Hoc|x64
		Ad-Hoc|x86 = Ad-Hoc|x86
		AppStore|Any CPU = AppStore|Any CPU
		AppStore|ARM = AppStore|ARM
		AppStore|iPhone = AppStore|iPhone
		AppStore|iPhoneSimulator = AppStore|iPhoneSimulator
		AppStore|x64 = AppStore|x64
		AppStore|x86 = AppStore|x86
		Debug|Any CPU = Debug|Any CPU
		Debug|ARM = Debug|ARM
		Debug|iPhone = Debug|iPhone
		Debug|iPhoneSimulator = Debug|iPhoneSimulator
		Debug|x64 = Debug|x64
		Debug|x86 = Debug|x86
		Release|Any CPU = Release|Any CPU
		Release|ARM = Release|ARM
		Release|iPhone = Release|iPhone
		Release|iPhoneSimulator = Release|iPhoneSimulator
		Release|x64 = Release|x64
		Release|x86 = Release|x86
	EndGlobalSection
	GlobalSection(ProjectConfigurationPlatforms) = postSolution
		{6F800586-1E06-40AB-9FCA-CB29FE05F202}.Ad-Hoc|Any CPU.ActiveCfg = Release|Any CPU
		{6F800586-1E06-40AB-9FCA-CB29FE05F202}.Ad-Hoc|Any CPU.Build.0 = Release|Any CPU
		{6F800586-1E06-40AB-9FCA-CB29FE05F202}.Ad-Hoc|Any CPU.Deploy.0 = Release|Any CPU
		{6F800586-1E06-40AB-9FCA-CB29FE05F202}.Ad-Hoc|ARM.ActiveCfg = Release|Any CPU
		{6F800586-1E06-40AB-9FCA-CB29FE05F202}.Ad-Hoc|ARM.Build.0 = Release|Any CPU
		{6F800586-1E06-40AB-9FCA-CB29FE05F202}.Ad-Hoc|ARM.Deploy.0 = Release|Any CPU
		{6F800586-1E06-40AB-9FCA-CB29FE05F202}.Ad-Hoc|iPhone.ActiveCfg = Release|Any CPU
		{6F800586-1E06-40AB-9FCA-CB29FE05F202}.Ad-Hoc|iPhone.Build.0 = Release|Any CPU
		{6F800586-1E06-40AB-9FCA-CB29FE05F202}.Ad-Hoc|iPhone.Deploy.0 = Release|Any CPU
		{6F800586-1E06-40AB-9FCA-CB29FE05F202}.Ad-Hoc|iPhoneSimulator.ActiveCfg = Release|Any CPU
		{6F800586-1E06-40AB-9FCA-CB29FE05F202}.Ad-Hoc|iPhoneSimulator.Build.0 = Release|Any CPU
		{6F800586-1E06-40AB-9FCA-CB29FE05F202}.Ad-Hoc|iPhoneSimulator.Deploy.0 = Release|Any CPU
		{6F800586-1E06-40AB-9FCA-CB29FE05F202}.Ad-Hoc|x64.ActiveCfg = Release|Any CPU
		{6F800586-1E06-40AB-9FCA-CB29FE05F202}.Ad-Hoc|x64.Build.0 = Release|Any CPU
		{6F800586-1E06-40AB-9FCA-CB29FE05F202}.Ad-Hoc|x64.Deploy.0 = Release|Any CPU
		{6F800586-1E06-40AB-9FCA-CB29FE05F202}.Ad-Hoc|x86.ActiveCfg = Release|Any CPU
		{6F800586-1E06-40AB-9FCA-CB29FE05F202}.Ad-Hoc|x86.Build.0 = Release|Any CPU
		{6F800586-1E06-40AB-9FCA-CB29FE05F202}.Ad-Hoc|x86.Deploy.0 = Release|Any CPU
		{6F800586-1E06-40AB-9FCA-CB29FE05F202}.AppStore|Any CPU.ActiveCfg = Release|Any CPU
		{6F800586-1E06-40AB-9FCA-CB29FE05F202}.AppStore|Any CPU.Build.0 = Release|Any CPU
		{6F800586-1E06-40AB-9FCA-CB29FE05F202}.AppStore|Any CPU.Deploy.0 = Release|Any CPU
		{6F800586-1E06-40AB-9FCA-CB29FE05F202}.AppStore|ARM.ActiveCfg = Release|Any CPU
		{6F800586-1E06-40AB-9FCA-CB29FE05F202}.AppStore|ARM.Build.0 = Release|Any CPU
		{6F800586-1E06-40AB-9FCA-CB29FE05F202}.AppStore|ARM.Deploy.0 = Release|Any CPU
		{6F800586-1E06-40AB-9FCA-CB29FE05F202}.AppStore|iPhone.ActiveCfg = Release|Any CPU
		{6F800586-1E06-40AB-9FCA-CB29FE05F202}.AppStore|iPhone.Build.0 = Release|Any CPU
		{6F800586-1E06-40AB-9FCA-CB29FE05F202}.AppStore|iPhone.Deploy.0 = Release|Any CPU
		{6F800586-1E06-40AB-9FCA-CB29FE05F202}.AppStore|iPhoneSimulator.ActiveCfg = Release|Any CPU
		{6F800586-1E06-40AB-9FCA-CB29FE05F202}.AppStore|iPhoneSimulator.Build.0 = Release|Any CPU
		{6F800586-1E06-40AB-9FCA-CB29FE05F202}.AppStore|iPhoneSimulator.Deploy.0 = Release|Any CPU
		{6F800586-1E06-40AB-9FCA-CB29FE05F202}.AppStore|x64.ActiveCfg = Release|Any CPU
		{6F800586-1E06-40AB-9FCA-CB29FE05F202}.AppStore|x64.Build.0 = Release|Any CPU
		{6F800586-1E06-40AB-9FCA-CB29FE05F202}.AppStore|x64.Deploy.0 = Release|Any CPU
		{6F800586-1E06-40AB-9FCA-CB29FE05F202}.AppStore|x86.ActiveCfg = Release|Any CPU
		{6F800586-1E06-40AB-9FCA-CB29FE05F202}.AppStore|x86.Build.0 = Release|Any CPU
		{6F800586-1E06-40AB-9FCA-CB29FE05F202}.AppStore|x86.Deploy.0 = Release|Any CPU
		{6F800586-1E06-40AB-9FCA-CB29FE05F202}.Debug|Any CPU.ActiveCfg = Debug|Any CPU
		{6F800586-1E06-40AB-9FCA-CB29FE05F202}.Debug|Any CPU.Build.0 = Debug|Any CPU
		{6F800586-1E06-40AB-9FCA-CB29FE05F202}.Debug|Any CPU.Deploy.0 = Debug|Any CPU
		{6F800586-1E06-40AB-9FCA-CB29FE05F202}.Debug|ARM.ActiveCfg = Debug|Any CPU
		{6F800586-1E06-40AB-9FCA-CB29FE05F202}.Debug|ARM.Build.0 = Debug|Any CPU
		{6F800586-1E06-40AB-9FCA-CB29FE05F202}.Debug|ARM.Deploy.0 = Debug|Any CPU
		{6F800586-1E06-40AB-9FCA-CB29FE05F202}.Debug|iPhone.ActiveCfg = Debug|Any CPU
		{6F800586-1E06-40AB-9FCA-CB29FE05F202}.Debug|iPhone.Build.0 = Debug|Any CPU
		{6F800586-1E06-40AB-9FCA-CB29FE05F202}.Debug|iPhone.Deploy.0 = Debug|Any CPU
		{6F800586-1E06-40AB-9FCA-CB29FE05F202}.Debug|iPhoneSimulator.ActiveCfg = Debug|Any CPU
		{6F800586-1E06-40AB-9FCA-CB29FE05F202}.Debug|iPhoneSimulator.Build.0 = Debug|Any CPU
		{6F800586-1E06-40AB-9FCA-CB29FE05F202}.Debug|iPhoneSimulator.Deploy.0 = Debug|Any CPU
		{6F800586-1E06-40AB-9FCA-CB29FE05F202}.Debug|x64.ActiveCfg = Debug|Any CPU
		{6F800586-1E06-40AB-9FCA-CB29FE05F202}.Debug|x64.Build.0 = Debug|Any CPU
		{6F800586-1E06-40AB-9FCA-CB29FE05F202}.Debug|x64.Deploy.0 = Debug|Any CPU
		{6F800586-1E06-40AB-9FCA-CB29FE05F202}.Debug|x86.ActiveCfg = Debug|Any CPU
		{6F800586-1E06-40AB-9FCA-CB29FE05F202}.Debug|x86.Build.0 = Debug|Any CPU
		{6F800586-1E06-40AB-9FCA-CB29FE05F202}.Debug|x86.Deploy.0 = Debug|Any CPU
		{6F800586-1E06-40AB-9FCA-CB29FE05F202}.Release|Any CPU.ActiveCfg = Release|Any CPU
		{6F800586-1E06-40AB-9FCA-CB29FE05F202}.Release|Any CPU.Build.0 = Release|Any CPU
		{6F800586-1E06-40AB-9FCA-CB29FE05F202}.Release|Any CPU.Deploy.0 = Release|Any CPU
		{6F800586-1E06-40AB-9FCA-CB29FE05F202}.Release|ARM.ActiveCfg = Release|Any CPU
		{6F800586-1E06-40AB-9FCA-CB29FE05F202}.Release|ARM.Build.0 = Release|Any CPU
		{6F800586-1E06-40AB-9FCA-CB29FE05F202}.Release|ARM.Deploy.0 = Release|Any CPU
		{6F800586-1E06-40AB-9FCA-CB29FE05F202}.Release|iPhone.ActiveCfg = Release|Any CPU
		{6F800586-1E06-40AB-9FCA-CB29FE05F202}.Release|iPhone.Build.0 = Release|Any CPU
		{6F800586-1E06-40AB-9FCA-CB29FE05F202}.Release|iPhone.Deploy.0 = Release|Any CPU
		{6F800586-1E06-40AB-9FCA-CB29FE05F202}.Release|iPhoneSimulator.ActiveCfg = Release|Any CPU
		{6F800586-1E06-40AB-9FCA-CB29FE05F202}.Release|iPhoneSimulator.Build.0 = Release|Any CPU
		{6F800586-1E06-40AB-9FCA-CB29FE05F202}.Release|iPhoneSimulator.Deploy.0 = Release|Any CPU
		{6F800586-1E06-40AB-9FCA-CB29FE05F202}.Release|x64.ActiveCfg = Release|Any CPU
		{6F800586-1E06-40AB-9FCA-CB29FE05F202}.Release|x64.Build.0 = Release|Any CPU
		{6F800586-1E06-40AB-9FCA-CB29FE05F202}.Release|x64.Deploy.0 = Release|Any CPU
		{6F800586-1E06-40AB-9FCA-CB29FE05F202}.Release|x86.ActiveCfg = Release|Any CPU
		{6F800586-1E06-40AB-9FCA-CB29FE05F202}.Release|x86.Build.0 = Release|Any CPU
		{6F800586-1E06-40AB-9FCA-CB29FE05F202}.Release|x86.Deploy.0 = Release|Any CPU
		{C57089DA-B1D4-452C-B23C-E450C94D7F47}.Ad-Hoc|Any CPU.ActiveCfg = Release|Any CPU
		{C57089DA-B1D4-452C-B23C-E450C94D7F47}.Ad-Hoc|Any CPU.Build.0 = Release|Any CPU
		{C57089DA-B1D4-452C-B23C-E450C94D7F47}.Ad-Hoc|ARM.ActiveCfg = Release|Any CPU
		{C57089DA-B1D4-452C-B23C-E450C94D7F47}.Ad-Hoc|ARM.Build.0 = Release|Any CPU
		{C57089DA-B1D4-452C-B23C-E450C94D7F47}.Ad-Hoc|iPhone.ActiveCfg = Release|Any CPU
		{C57089DA-B1D4-452C-B23C-E450C94D7F47}.Ad-Hoc|iPhone.Build.0 = Release|Any CPU
		{C57089DA-B1D4-452C-B23C-E450C94D7F47}.Ad-Hoc|iPhoneSimulator.ActiveCfg = Release|Any CPU
		{C57089DA-B1D4-452C-B23C-E450C94D7F47}.Ad-Hoc|iPhoneSimulator.Build.0 = Release|Any CPU
		{C57089DA-B1D4-452C-B23C-E450C94D7F47}.Ad-Hoc|x64.ActiveCfg = Release|Any CPU
		{C57089DA-B1D4-452C-B23C-E450C94D7F47}.Ad-Hoc|x64.Build.0 = Release|Any CPU
		{C57089DA-B1D4-452C-B23C-E450C94D7F47}.Ad-Hoc|x86.ActiveCfg = Release|Any CPU
		{C57089DA-B1D4-452C-B23C-E450C94D7F47}.Ad-Hoc|x86.Build.0 = Release|Any CPU
		{C57089DA-B1D4-452C-B23C-E450C94D7F47}.AppStore|Any CPU.ActiveCfg = Release|Any CPU
		{C57089DA-B1D4-452C-B23C-E450C94D7F47}.AppStore|Any CPU.Build.0 = Release|Any CPU
		{C57089DA-B1D4-452C-B23C-E450C94D7F47}.AppStore|ARM.ActiveCfg = Release|Any CPU
		{C57089DA-B1D4-452C-B23C-E450C94D7F47}.AppStore|ARM.Build.0 = Release|Any CPU
		{C57089DA-B1D4-452C-B23C-E450C94D7F47}.AppStore|iPhone.ActiveCfg = Release|Any CPU
		{C57089DA-B1D4-452C-B23C-E450C94D7F47}.AppStore|iPhone.Build.0 = Release|Any CPU
		{C57089DA-B1D4-452C-B23C-E450C94D7F47}.AppStore|iPhoneSimulator.ActiveCfg = Release|Any CPU
		{C57089DA-B1D4-452C-B23C-E450C94D7F47}.AppStore|iPhoneSimulator.Build.0 = Release|Any CPU
		{C57089DA-B1D4-452C-B23C-E450C94D7F47}.AppStore|x64.ActiveCfg = Release|Any CPU
		{C57089DA-B1D4-452C-B23C-E450C94D7F47}.AppStore|x64.Build.0 = Release|Any CPU
		{C57089DA-B1D4-452C-B23C-E450C94D7F47}.AppStore|x86.ActiveCfg = Release|Any CPU
		{C57089DA-B1D4-452C-B23C-E450C94D7F47}.AppStore|x86.Build.0 = Release|Any CPU
		{C57089DA-B1D4-452C-B23C-E450C94D7F47}.Debug|Any CPU.ActiveCfg = Debug|Any CPU
		{C57089DA-B1D4-452C-B23C-E450C94D7F47}.Debug|Any CPU.Build.0 = Debug|Any CPU
		{C57089DA-B1D4-452C-B23C-E450C94D7F47}.Debug|ARM.ActiveCfg = Debug|Any CPU
		{C57089DA-B1D4-452C-B23C-E450C94D7F47}.Debug|ARM.Build.0 = Debug|Any CPU
		{C57089DA-B1D4-452C-B23C-E450C94D7F47}.Debug|iPhone.ActiveCfg = Debug|Any CPU
		{C57089DA-B1D4-452C-B23C-E450C94D7F47}.Debug|iPhone.Build.0 = Debug|Any CPU
		{C57089DA-B1D4-452C-B23C-E450C94D7F47}.Debug|iPhoneSimulator.ActiveCfg = Debug|Any CPU
		{C57089DA-B1D4-452C-B23C-E450C94D7F47}.Debug|iPhoneSimulator.Build.0 = Debug|Any CPU
		{C57089DA-B1D4-452C-B23C-E450C94D7F47}.Debug|x64.ActiveCfg = Debug|Any CPU
		{C57089DA-B1D4-452C-B23C-E450C94D7F47}.Debug|x64.Build.0 = Debug|Any CPU
		{C57089DA-B1D4-452C-B23C-E450C94D7F47}.Debug|x86.ActiveCfg = Debug|Any CPU
		{C57089DA-B1D4-452C-B23C-E450C94D7F47}.Debug|x86.Build.0 = Debug|Any CPU
		{C57089DA-B1D4-452C-B23C-E450C94D7F47}.Release|Any CPU.ActiveCfg = Release|Any CPU
		{C57089DA-B1D4-452C-B23C-E450C94D7F47}.Release|Any CPU.Build.0 = Release|Any CPU
		{C57089DA-B1D4-452C-B23C-E450C94D7F47}.Release|ARM.ActiveCfg = Release|Any CPU
		{C57089DA-B1D4-452C-B23C-E450C94D7F47}.Release|ARM.Build.0 = Release|Any CPU
		{C57089DA-B1D4-452C-B23C-E450C94D7F47}.Release|iPhone.ActiveCfg = Release|Any CPU
		{C57089DA-B1D4-452C-B23C-E450C94D7F47}.Release|iPhone.Build.0 = Release|Any CPU
		{C57089DA-B1D4-452C-B23C-E450C94D7F47}.Release|iPhoneSimulator.ActiveCfg = Release|Any CPU
		{C57089DA-B1D4-452C-B23C-E450C94D7F47}.Release|iPhoneSimulator.Build.0 = Release|Any CPU
		{C57089DA-B1D4-452C-B23C-E450C94D7F47}.Release|x64.ActiveCfg = Release|Any CPU
		{C57089DA-B1D4-452C-B23C-E450C94D7F47}.Release|x64.Build.0 = Release|Any CPU
		{C57089DA-B1D4-452C-B23C-E450C94D7F47}.Release|x86.ActiveCfg = Release|Any CPU
		{C57089DA-B1D4-452C-B23C-E450C94D7F47}.Release|x86.Build.0 = Release|Any CPU
		{4A518151-0187-443A-A7FF-BF99389CB3EF}.Ad-Hoc|Any CPU.ActiveCfg = Release|x86
		{4A518151-0187-443A-A7FF-BF99389CB3EF}.Ad-Hoc|Any CPU.Build.0 = Release|x86
		{4A518151-0187-443A-A7FF-BF99389CB3EF}.Ad-Hoc|Any CPU.Deploy.0 = Release|x86
		{4A518151-0187-443A-A7FF-BF99389CB3EF}.Ad-Hoc|ARM.ActiveCfg = Release|ARM
		{4A518151-0187-443A-A7FF-BF99389CB3EF}.Ad-Hoc|ARM.Build.0 = Release|ARM
		{4A518151-0187-443A-A7FF-BF99389CB3EF}.Ad-Hoc|ARM.Deploy.0 = Release|ARM
		{4A518151-0187-443A-A7FF-BF99389CB3EF}.Ad-Hoc|iPhone.ActiveCfg = Release|x86
		{4A518151-0187-443A-A7FF-BF99389CB3EF}.Ad-Hoc|iPhone.Build.0 = Release|x86
		{4A518151-0187-443A-A7FF-BF99389CB3EF}.Ad-Hoc|iPhone.Deploy.0 = Release|x86
		{4A518151-0187-443A-A7FF-BF99389CB3EF}.Ad-Hoc|iPhoneSimulator.ActiveCfg = Release|x86
		{4A518151-0187-443A-A7FF-BF99389CB3EF}.Ad-Hoc|iPhoneSimulator.Build.0 = Release|x86
		{4A518151-0187-443A-A7FF-BF99389CB3EF}.Ad-Hoc|iPhoneSimulator.Deploy.0 = Release|x86
		{4A518151-0187-443A-A7FF-BF99389CB3EF}.Ad-Hoc|x64.ActiveCfg = Release|x64
		{4A518151-0187-443A-A7FF-BF99389CB3EF}.Ad-Hoc|x64.Build.0 = Release|x64
		{4A518151-0187-443A-A7FF-BF99389CB3EF}.Ad-Hoc|x64.Deploy.0 = Release|x64
		{4A518151-0187-443A-A7FF-BF99389CB3EF}.Ad-Hoc|x86.ActiveCfg = Release|x86
		{4A518151-0187-443A-A7FF-BF99389CB3EF}.Ad-Hoc|x86.Build.0 = Release|x86
		{4A518151-0187-443A-A7FF-BF99389CB3EF}.Ad-Hoc|x86.Deploy.0 = Release|x86
		{4A518151-0187-443A-A7FF-BF99389CB3EF}.AppStore|Any CPU.ActiveCfg = Release|x86
		{4A518151-0187-443A-A7FF-BF99389CB3EF}.AppStore|Any CPU.Build.0 = Release|x86
		{4A518151-0187-443A-A7FF-BF99389CB3EF}.AppStore|Any CPU.Deploy.0 = Release|x86
		{4A518151-0187-443A-A7FF-BF99389CB3EF}.AppStore|ARM.ActiveCfg = Release|ARM
		{4A518151-0187-443A-A7FF-BF99389CB3EF}.AppStore|ARM.Build.0 = Release|ARM
		{4A518151-0187-443A-A7FF-BF99389CB3EF}.AppStore|ARM.Deploy.0 = Release|ARM
		{4A518151-0187-443A-A7FF-BF99389CB3EF}.AppStore|iPhone.ActiveCfg = Release|x86
		{4A518151-0187-443A-A7FF-BF99389CB3EF}.AppStore|iPhone.Build.0 = Release|x86
		{4A518151-0187-443A-A7FF-BF99389CB3EF}.AppStore|iPhone.Deploy.0 = Release|x86
		{4A518151-0187-443A-A7FF-BF99389CB3EF}.AppStore|iPhoneSimulator.ActiveCfg = Release|x86
		{4A518151-0187-443A-A7FF-BF99389CB3EF}.AppStore|iPhoneSimulator.Build.0 = Release|x86
		{4A518151-0187-443A-A7FF-BF99389CB3EF}.AppStore|iPhoneSimulator.Deploy.0 = Release|x86
		{4A518151-0187-443A-A7FF-BF99389CB3EF}.AppStore|x64.ActiveCfg = Release|x64
		{4A518151-0187-443A-A7FF-BF99389CB3EF}.AppStore|x64.Build.0 = Release|x64
		{4A518151-0187-443A-A7FF-BF99389CB3EF}.AppStore|x64.Deploy.0 = Release|x64
		{4A518151-0187-443A-A7FF-BF99389CB3EF}.AppStore|x86.ActiveCfg = Release|x86
		{4A518151-0187-443A-A7FF-BF99389CB3EF}.AppStore|x86.Build.0 = Release|x86
		{4A518151-0187-443A-A7FF-BF99389CB3EF}.AppStore|x86.Deploy.0 = Release|x86
		{4A518151-0187-443A-A7FF-BF99389CB3EF}.Debug|Any CPU.ActiveCfg = Debug|x86
		{4A518151-0187-443A-A7FF-BF99389CB3EF}.Debug|ARM.ActiveCfg = Debug|ARM
		{4A518151-0187-443A-A7FF-BF99389CB3EF}.Debug|ARM.Build.0 = Debug|ARM
		{4A518151-0187-443A-A7FF-BF99389CB3EF}.Debug|ARM.Deploy.0 = Debug|ARM
		{4A518151-0187-443A-A7FF-BF99389CB3EF}.Debug|iPhone.ActiveCfg = Debug|x86
		{4A518151-0187-443A-A7FF-BF99389CB3EF}.Debug|iPhoneSimulator.ActiveCfg = Debug|x86
		{4A518151-0187-443A-A7FF-BF99389CB3EF}.Debug|x64.ActiveCfg = Debug|x64
		{4A518151-0187-443A-A7FF-BF99389CB3EF}.Debug|x64.Build.0 = Debug|x64
		{4A518151-0187-443A-A7FF-BF99389CB3EF}.Debug|x64.Deploy.0 = Debug|x64
		{4A518151-0187-443A-A7FF-BF99389CB3EF}.Debug|x86.ActiveCfg = Debug|x86
		{4A518151-0187-443A-A7FF-BF99389CB3EF}.Debug|x86.Build.0 = Debug|x86
		{4A518151-0187-443A-A7FF-BF99389CB3EF}.Debug|x86.Deploy.0 = Debug|x86
		{4A518151-0187-443A-A7FF-BF99389CB3EF}.Release|Any CPU.ActiveCfg = Release|x86
		{4A518151-0187-443A-A7FF-BF99389CB3EF}.Release|ARM.ActiveCfg = Release|ARM
		{4A518151-0187-443A-A7FF-BF99389CB3EF}.Release|ARM.Build.0 = Release|ARM
		{4A518151-0187-443A-A7FF-BF99389CB3EF}.Release|ARM.Deploy.0 = Release|ARM
		{4A518151-0187-443A-A7FF-BF99389CB3EF}.Release|iPhone.ActiveCfg = Release|x86
		{4A518151-0187-443A-A7FF-BF99389CB3EF}.Release|iPhoneSimulator.ActiveCfg = Release|x86
		{4A518151-0187-443A-A7FF-BF99389CB3EF}.Release|x64.ActiveCfg = Release|x64
		{4A518151-0187-443A-A7FF-BF99389CB3EF}.Release|x64.Build.0 = Release|x64
		{4A518151-0187-443A-A7FF-BF99389CB3EF}.Release|x64.Deploy.0 = Release|x64
		{4A518151-0187-443A-A7FF-BF99389CB3EF}.Release|x86.ActiveCfg = Release|x86
		{4A518151-0187-443A-A7FF-BF99389CB3EF}.Release|x86.Build.0 = Release|x86
		{4A518151-0187-443A-A7FF-BF99389CB3EF}.Release|x86.Deploy.0 = Release|x86
		{F63443F3-107A-4CB0-BB62-7D7A3640D1AF}.Ad-Hoc|Any CPU.ActiveCfg = Ad-Hoc|iPhone
		{F63443F3-107A-4CB0-BB62-7D7A3640D1AF}.Ad-Hoc|ARM.ActiveCfg = Ad-Hoc|iPhone
		{F63443F3-107A-4CB0-BB62-7D7A3640D1AF}.Ad-Hoc|iPhone.ActiveCfg = Ad-Hoc|iPhone
		{F63443F3-107A-4CB0-BB62-7D7A3640D1AF}.Ad-Hoc|iPhone.Build.0 = Ad-Hoc|iPhone
		{F63443F3-107A-4CB0-BB62-7D7A3640D1AF}.Ad-Hoc|iPhoneSimulator.ActiveCfg = Ad-Hoc|iPhoneSimulator
		{F63443F3-107A-4CB0-BB62-7D7A3640D1AF}.Ad-Hoc|iPhoneSimulator.Build.0 = Ad-Hoc|iPhoneSimulator
		{F63443F3-107A-4CB0-BB62-7D7A3640D1AF}.Ad-Hoc|x64.ActiveCfg = Ad-Hoc|iPhone
		{F63443F3-107A-4CB0-BB62-7D7A3640D1AF}.Ad-Hoc|x86.ActiveCfg = Ad-Hoc|iPhone
		{F63443F3-107A-4CB0-BB62-7D7A3640D1AF}.AppStore|Any CPU.ActiveCfg = AppStore|iPhone
		{F63443F3-107A-4CB0-BB62-7D7A3640D1AF}.AppStore|ARM.ActiveCfg = AppStore|iPhone
		{F63443F3-107A-4CB0-BB62-7D7A3640D1AF}.AppStore|iPhone.ActiveCfg = AppStore|iPhone
		{F63443F3-107A-4CB0-BB62-7D7A3640D1AF}.AppStore|iPhone.Build.0 = AppStore|iPhone
		{F63443F3-107A-4CB0-BB62-7D7A3640D1AF}.AppStore|iPhoneSimulator.ActiveCfg = AppStore|iPhoneSimulator
		{F63443F3-107A-4CB0-BB62-7D7A3640D1AF}.AppStore|iPhoneSimulator.Build.0 = AppStore|iPhoneSimulator
		{F63443F3-107A-4CB0-BB62-7D7A3640D1AF}.AppStore|x64.ActiveCfg = AppStore|iPhone
		{F63443F3-107A-4CB0-BB62-7D7A3640D1AF}.AppStore|x86.ActiveCfg = AppStore|iPhone
		{F63443F3-107A-4CB0-BB62-7D7A3640D1AF}.Debug|Any CPU.ActiveCfg = Debug|iPhone
		{F63443F3-107A-4CB0-BB62-7D7A3640D1AF}.Debug|ARM.ActiveCfg = Debug|iPhone
		{F63443F3-107A-4CB0-BB62-7D7A3640D1AF}.Debug|iPhone.ActiveCfg = Debug|iPhone
		{F63443F3-107A-4CB0-BB62-7D7A3640D1AF}.Debug|iPhone.Build.0 = Debug|iPhone
		{F63443F3-107A-4CB0-BB62-7D7A3640D1AF}.Debug|iPhoneSimulator.ActiveCfg = Debug|iPhoneSimulator
		{F63443F3-107A-4CB0-BB62-7D7A3640D1AF}.Debug|iPhoneSimulator.Build.0 = Debug|iPhoneSimulator
		{F63443F3-107A-4CB0-BB62-7D7A3640D1AF}.Debug|x64.ActiveCfg = Debug|iPhone
		{F63443F3-107A-4CB0-BB62-7D7A3640D1AF}.Debug|x86.ActiveCfg = Debug|iPhone
		{F63443F3-107A-4CB0-BB62-7D7A3640D1AF}.Release|Any CPU.ActiveCfg = Release|iPhone
		{F63443F3-107A-4CB0-BB62-7D7A3640D1AF}.Release|ARM.ActiveCfg = Release|iPhone
		{F63443F3-107A-4CB0-BB62-7D7A3640D1AF}.Release|iPhone.ActiveCfg = Release|iPhone
		{F63443F3-107A-4CB0-BB62-7D7A3640D1AF}.Release|iPhone.Build.0 = Release|iPhone
		{F63443F3-107A-4CB0-BB62-7D7A3640D1AF}.Release|iPhoneSimulator.ActiveCfg = Release|iPhoneSimulator
		{F63443F3-107A-4CB0-BB62-7D7A3640D1AF}.Release|iPhoneSimulator.Build.0 = Release|iPhoneSimulator
		{F63443F3-107A-4CB0-BB62-7D7A3640D1AF}.Release|x64.ActiveCfg = Release|iPhone
		{F63443F3-107A-4CB0-BB62-7D7A3640D1AF}.Release|x86.ActiveCfg = Release|iPhone
	EndGlobalSection
	GlobalSection(SolutionProperties) = preSolution
		HideSolutionNode = FALSE
	EndGlobalSection
	GlobalSection(ExtensibilityGlobals) = postSolution
		SolutionGuid = {0F31B9E0-9205-4E13-BF3A-087F760ED419}
	EndGlobalSection
EndGlobal
