
Microsoft Visual Studio Solution File, Format Version 12.00
# Visual Studio 15
VisualStudioVersion = 15.0.26430.13
MinimumVisualStudioVersion = 10.0.40219.1
Project("{2150E333-8FDC-42A3-9474-1A3956D46DE8}") = "Presentation", "Presentation", "{C4059A86-2E15-441B-9D1D-F07D0392CD53}"
EndProject
Project("{2150E333-8FDC-42A3-9474-1A3956D46DE8}") = "Tests", "Tests", "{82342D62-C102-4D5B-98F8-83894032CA7F}"
EndProject
Project("{2150E333-8FDC-42A3-9474-1A3956D46DE8}") = "Shared", "Shared", "{4C462DF4-186C-49E8-B838-37E6641E4870}"
EndProject
Project("{2150E333-8FDC-42A3-9474-1A3956D46DE8}") = "Business", "Business", "{BEDAAC35-F440-4199-8EA4-E63FC67ED742}"
EndProject
Project("{2150E333-8FDC-42A3-9474-1A3956D46DE8}") = "Data", "Data", "{39012E71-D7F1-4432-9B96-24153CACA194}"
EndProject
Project("{FAE04EC0-301F-11D3-BF4B-00C04F79EFBC}") = "RealEstate.Entities", "RealEstate.Entities\RealEstate.Entities.csproj", "{432CF0DA-FC03-49E8-9B65-B87F82FAFCAB}"
EndProject
Project("{FAE04EC0-301F-11D3-BF4B-00C04F79EFBC}") = "RealEstate.Repository", "RealEstate.Repository\RealEstate.Repository.csproj", "{9E43FC54-4900-47EB-B9E3-CE73CDDD8E8D}"
EndProject
Project("{FAE04EC0-301F-11D3-BF4B-00C04F79EFBC}") = "RealEstate.Service", "RealEstate.Service\RealEstate.Service.csproj", "{3567E448-6952-4492-B990-95A28279B1FA}"
EndProject
Project("{FAE04EC0-301F-11D3-BF4B-00C04F79EFBC}") = "RealEstate.Common", "RealEstate.Common\RealEstate.Common.csproj", "{3F93BC56-CAB2-4B62-831B-037F69CAA307}"
EndProject
Project("{FAE04EC0-301F-11D3-BF4B-00C04F79EFBC}") = "RealEstate.Api", "RealEstate.Api\RealEstate.Api.csproj", "{0B429B99-AD8A-4FEA-BDD3-2223F537F380}"
EndProject
Project("{FAE04EC0-301F-11D3-BF4B-00C04F79EFBC}") = "RealEstate.Administrator", "RealEstate.Administrator\RealEstate.Administrator.csproj", "{89156B38-815A-4E22-9A01-B40C3820E403}"
EndProject
Project("{FAE04EC0-301F-11D3-BF4B-00C04F79EFBC}") = "RealEstate.Utilities", "RealEstate.Utilities\RealEstate.Utilities.csproj", "{C8F2A6BF-521C-4235-8836-412ED9FEF88C}"
EndProject
Project("{2150E333-8FDC-42A3-9474-1A3956D46DE8}") = ".nuget", ".nuget", "{16224C39-4E11-4AC5-B211-F5C221AC613B}"
	ProjectSection(SolutionItems) = preProject
		..\..\..\..\NamCkiku\BA_XeChieuVe_Web\SourceCode\BA_WebXCV\.nuget\NuGet.Config = ..\..\..\..\NamCkiku\BA_XeChieuVe_Web\SourceCode\BA_WebXCV\.nuget\NuGet.Config
		..\..\..\..\NamCkiku\BA_XeChieuVe_Web\SourceCode\BA_WebXCV\.nuget\NuGet.exe = ..\..\..\..\NamCkiku\BA_XeChieuVe_Web\SourceCode\BA_WebXCV\.nuget\NuGet.exe
		..\..\..\..\NamCkiku\BA_XeChieuVe_Web\SourceCode\BA_WebXCV\.nuget\NuGet.targets = ..\..\..\..\NamCkiku\BA_XeChieuVe_Web\SourceCode\BA_WebXCV\.nuget\NuGet.targets
	EndProjectSection
EndProject
Project("{2150E333-8FDC-42A3-9474-1A3956D46DE8}") = "Library", "Library", "{51801627-9B12-4191-86CA-77EEFA16E257}"
	ProjectSection(SolutionItems) = preProject
		Library\Kendo.Mvc.dll = Library\Kendo.Mvc.dll
		Library\Stimulsoft.Base.dll = Library\Stimulsoft.Base.dll
		Library\Stimulsoft.Controls.dll = Library\Stimulsoft.Controls.dll
		Library\Stimulsoft.Controls.Win.dll = Library\Stimulsoft.Controls.Win.dll
		Library\Stimulsoft.Report.dll = Library\Stimulsoft.Report.dll
		Library\Stimulsoft.Report.Mvc.dll = Library\Stimulsoft.Report.Mvc.dll
		Library\Stimulsoft.Report.Win.dll = Library\Stimulsoft.Report.Win.dll
	EndProjectSection
EndProject
Project("{FAE04EC0-301F-11D3-BF4B-00C04F79EFBC}") = "RealEstate.RepositoryTest", "RealEstate.RepositoryTest\RealEstate.RepositoryTest.csproj", "{16FB9625-6CA9-451E-881A-FA775874C7DC}"
EndProject
Project("{FAE04EC0-301F-11D3-BF4B-00C04F79EFBC}") = "RealEstate.ServiceTest", "RealEstate.ServiceTest\RealEstate.ServiceTest.csproj", "{31BDB5E2-A227-4D33-878A-96AB002FFDF5}"
EndProject
Project("{FAE04EC0-301F-11D3-BF4B-00C04F79EFBC}") = "RealEstate.ControllerTest", "RealEstate.ControllerTest\RealEstate.ControllerTest.csproj", "{06219887-9342-4485-AFF1-834F69A0C524}"
EndProject
Project("{FAE04EC0-301F-11D3-BF4B-00C04F79EFBC}") = "RealEstate.Web", "RealEstate.Web\RealEstate.Web.csproj", "{62DA4134-DD9E-440B-96BE-29200694BB80}"
EndProject
Global
	GlobalSection(SolutionConfigurationPlatforms) = preSolution
		Debug|Any CPU = Debug|Any CPU
		Release|Any CPU = Release|Any CPU
	EndGlobalSection
	GlobalSection(ProjectConfigurationPlatforms) = postSolution
		{432CF0DA-FC03-49E8-9B65-B87F82FAFCAB}.Debug|Any CPU.ActiveCfg = Debug|Any CPU
		{432CF0DA-FC03-49E8-9B65-B87F82FAFCAB}.Debug|Any CPU.Build.0 = Debug|Any CPU
		{432CF0DA-FC03-49E8-9B65-B87F82FAFCAB}.Release|Any CPU.ActiveCfg = Release|Any CPU
		{432CF0DA-FC03-49E8-9B65-B87F82FAFCAB}.Release|Any CPU.Build.0 = Release|Any CPU
		{9E43FC54-4900-47EB-B9E3-CE73CDDD8E8D}.Debug|Any CPU.ActiveCfg = Debug|Any CPU
		{9E43FC54-4900-47EB-B9E3-CE73CDDD8E8D}.Debug|Any CPU.Build.0 = Debug|Any CPU
		{9E43FC54-4900-47EB-B9E3-CE73CDDD8E8D}.Release|Any CPU.ActiveCfg = Release|Any CPU
		{9E43FC54-4900-47EB-B9E3-CE73CDDD8E8D}.Release|Any CPU.Build.0 = Release|Any CPU
		{3567E448-6952-4492-B990-95A28279B1FA}.Debug|Any CPU.ActiveCfg = Debug|Any CPU
		{3567E448-6952-4492-B990-95A28279B1FA}.Debug|Any CPU.Build.0 = Debug|Any CPU
		{3567E448-6952-4492-B990-95A28279B1FA}.Release|Any CPU.ActiveCfg = Release|Any CPU
		{3567E448-6952-4492-B990-95A28279B1FA}.Release|Any CPU.Build.0 = Release|Any CPU
		{3F93BC56-CAB2-4B62-831B-037F69CAA307}.Debug|Any CPU.ActiveCfg = Debug|Any CPU
		{3F93BC56-CAB2-4B62-831B-037F69CAA307}.Debug|Any CPU.Build.0 = Debug|Any CPU
		{3F93BC56-CAB2-4B62-831B-037F69CAA307}.Release|Any CPU.ActiveCfg = Release|Any CPU
		{3F93BC56-CAB2-4B62-831B-037F69CAA307}.Release|Any CPU.Build.0 = Release|Any CPU
		{0B429B99-AD8A-4FEA-BDD3-2223F537F380}.Debug|Any CPU.ActiveCfg = Debug|Any CPU
		{0B429B99-AD8A-4FEA-BDD3-2223F537F380}.Debug|Any CPU.Build.0 = Debug|Any CPU
		{0B429B99-AD8A-4FEA-BDD3-2223F537F380}.Release|Any CPU.ActiveCfg = Release|Any CPU
		{0B429B99-AD8A-4FEA-BDD3-2223F537F380}.Release|Any CPU.Build.0 = Release|Any CPU
		{89156B38-815A-4E22-9A01-B40C3820E403}.Debug|Any CPU.ActiveCfg = Debug|Any CPU
		{89156B38-815A-4E22-9A01-B40C3820E403}.Debug|Any CPU.Build.0 = Debug|Any CPU
		{89156B38-815A-4E22-9A01-B40C3820E403}.Release|Any CPU.ActiveCfg = Release|Any CPU
		{89156B38-815A-4E22-9A01-B40C3820E403}.Release|Any CPU.Build.0 = Release|Any CPU
		{C8F2A6BF-521C-4235-8836-412ED9FEF88C}.Debug|Any CPU.ActiveCfg = Debug|Any CPU
		{C8F2A6BF-521C-4235-8836-412ED9FEF88C}.Debug|Any CPU.Build.0 = Debug|Any CPU
		{C8F2A6BF-521C-4235-8836-412ED9FEF88C}.Release|Any CPU.ActiveCfg = Release|Any CPU
		{C8F2A6BF-521C-4235-8836-412ED9FEF88C}.Release|Any CPU.Build.0 = Release|Any CPU
		{16FB9625-6CA9-451E-881A-FA775874C7DC}.Debug|Any CPU.ActiveCfg = Debug|Any CPU
		{16FB9625-6CA9-451E-881A-FA775874C7DC}.Debug|Any CPU.Build.0 = Debug|Any CPU
		{16FB9625-6CA9-451E-881A-FA775874C7DC}.Release|Any CPU.ActiveCfg = Release|Any CPU
		{16FB9625-6CA9-451E-881A-FA775874C7DC}.Release|Any CPU.Build.0 = Release|Any CPU
		{31BDB5E2-A227-4D33-878A-96AB002FFDF5}.Debug|Any CPU.ActiveCfg = Debug|Any CPU
		{31BDB5E2-A227-4D33-878A-96AB002FFDF5}.Debug|Any CPU.Build.0 = Debug|Any CPU
		{31BDB5E2-A227-4D33-878A-96AB002FFDF5}.Release|Any CPU.ActiveCfg = Release|Any CPU
		{31BDB5E2-A227-4D33-878A-96AB002FFDF5}.Release|Any CPU.Build.0 = Release|Any CPU
		{06219887-9342-4485-AFF1-834F69A0C524}.Debug|Any CPU.ActiveCfg = Debug|Any CPU
		{06219887-9342-4485-AFF1-834F69A0C524}.Debug|Any CPU.Build.0 = Debug|Any CPU
		{06219887-9342-4485-AFF1-834F69A0C524}.Release|Any CPU.ActiveCfg = Release|Any CPU
		{06219887-9342-4485-AFF1-834F69A0C524}.Release|Any CPU.Build.0 = Release|Any CPU
		{62DA4134-DD9E-440B-96BE-29200694BB80}.Debug|Any CPU.ActiveCfg = Debug|Any CPU
		{62DA4134-DD9E-440B-96BE-29200694BB80}.Debug|Any CPU.Build.0 = Debug|Any CPU
		{62DA4134-DD9E-440B-96BE-29200694BB80}.Release|Any CPU.ActiveCfg = Release|Any CPU
		{62DA4134-DD9E-440B-96BE-29200694BB80}.Release|Any CPU.Build.0 = Release|Any CPU
	EndGlobalSection
	GlobalSection(SolutionProperties) = preSolution
		HideSolutionNode = FALSE
	EndGlobalSection
	GlobalSection(NestedProjects) = preSolution
		{432CF0DA-FC03-49E8-9B65-B87F82FAFCAB} = {39012E71-D7F1-4432-9B96-24153CACA194}
		{9E43FC54-4900-47EB-B9E3-CE73CDDD8E8D} = {39012E71-D7F1-4432-9B96-24153CACA194}
		{3567E448-6952-4492-B990-95A28279B1FA} = {BEDAAC35-F440-4199-8EA4-E63FC67ED742}
		{3F93BC56-CAB2-4B62-831B-037F69CAA307} = {4C462DF4-186C-49E8-B838-37E6641E4870}
		{0B429B99-AD8A-4FEA-BDD3-2223F537F380} = {C4059A86-2E15-441B-9D1D-F07D0392CD53}
		{89156B38-815A-4E22-9A01-B40C3820E403} = {C4059A86-2E15-441B-9D1D-F07D0392CD53}
		{C8F2A6BF-521C-4235-8836-412ED9FEF88C} = {4C462DF4-186C-49E8-B838-37E6641E4870}
		{16FB9625-6CA9-451E-881A-FA775874C7DC} = {82342D62-C102-4D5B-98F8-83894032CA7F}
		{31BDB5E2-A227-4D33-878A-96AB002FFDF5} = {82342D62-C102-4D5B-98F8-83894032CA7F}
		{06219887-9342-4485-AFF1-834F69A0C524} = {82342D62-C102-4D5B-98F8-83894032CA7F}
		{62DA4134-DD9E-440B-96BE-29200694BB80} = {C4059A86-2E15-441B-9D1D-F07D0392CD53}
	EndGlobalSection
EndGlobal
